
Microsoft Visual Studio Solution File, Format Version 12.00
# Visual Studio Version 17
VisualStudioVersion = 17.9.34701.34
MinimumVisualStudioVersion = 10.0.40219.1
Project("{FAE04EC0-301F-11D3-BF4B-00C04F79EFBC}") = "webLiqSerPub", "webLiqSerPub.csproj", "{7F9CCBBB-AD9D-482B-B190-26341F81BBAC}"
EndProject
Global
	GlobalSection(SolutionConfigurationPlatforms) = preSolution
		Debug|Any CPU = Debug|Any CPU
		Release|Any CPU = Release|Any CPU
	EndGlobalSection
	GlobalSection(ProjectConfigurationPlatforms) = postSolution
		{7F9CCBBB-AD9D-482B-B190-26341F81BBAC}.Debug|Any CPU.ActiveCfg = Debug|Any CPU
		{7F9CCBBB-AD9D-482B-B190-26341F81BBAC}.Debug|Any CPU.Build.0 = Debug|Any CPU
		{7F9CCBBB-AD9D-482B-B190-26341F81BBAC}.Release|Any CPU.ActiveCfg = Release|Any CPU
		{7F9CCBBB-AD9D-482B-B190-26341F81BBAC}.Release|Any CPU.Build.0 = Release|Any CPU
	EndGlobalSection
	GlobalSection(SolutionProperties) = preSolution
		HideSolutionNode = FALSE
	EndGlobalSection
	GlobalSection(ExtensibilityGlobals) = postSolution
		SolutionGuid = {2FCF317A-8A55-4D0A-BFFB-3FCAC5F205C7}
	EndGlobalSection
EndGlobal
